{
  "name": "Portfolio",
  "lockfileVersion": 3,
  "requires": true,
  "packages": {
    "": {
      "dependencies": {
        "@fontsource/twinkle-star": "^5.1.0"
      }
    },
    "node_modules/@fontsource/twinkle-star": {
      "version": "5.1.0",
      "resolved": "https://registry.npmjs.org/@fontsource/twinkle-star/-/twinkle-star-5.1.0.tgz",
      "integrity": "sha512-j4zXPXlhLpduP59A9hsdleF+1ftXPo4TbeNRAxK1E9v6N5rV/BL0PNmQ1WSMhljfCopSEQsy168xMrEd9/9E4g==",
      "license": "OFL-1.1"
    }
  }
}
